{
  "version": 4,
  "terraform_version": "1.7.4",
  "serial": 95,
  "lineage": "24986ae7-7599-f9a8-3838-cd8cc6714cee",
  "outputs": {},
  "resources": [
    {
      "mode": "managed",
      "type": "google_cloud_run_v2_service",
      "name": "be_cloud_run",
      "provider": "provider[\"registry.terraform.io/hashicorp/google\"]",
      "instances": []
    },
    {
      "mode": "managed",
      "type": "google_cloud_run_v2_service",
      "name": "fe_cloud_run",
      "provider": "provider[\"registry.terraform.io/hashicorp/google\"]",
      "instances": []
    },
    {
      "mode": "managed",
      "type": "google_compute_backend_service",
      "name": "be_backend",
      "provider": "provider[\"registry.terraform.io/hashicorp/google\"]",
      "instances": [
        {
          "schema_version": 1,
          "attributes": {
            "affinity_cookie_ttl_sec": 0,
            "backend": [
              {
                "balancing_mode": "UTILIZATION",
                "capacity_scaler": 1,
                "description": "",
                "group": "https://www.googleapis.com/compute/v1/projects/structhub-412620/regions/northamerica-northeast1/networkEndpointGroups/xtract-be-stage-neg",
                "max_connections": 0,
                "max_connections_per_endpoint": 0,
                "max_connections_per_instance": 0,
                "max_rate": 0,
                "max_rate_per_endpoint": 0,
                "max_rate_per_instance": 0,
                "max_utilization": 0
              }
            ],
            "cdn_policy": [],
            "circuit_breakers": [],
            "compression_mode": "",
            "connection_draining_timeout_sec": 70,
            "consistent_hash": [],
            "creation_timestamp": "2024-03-02T15:22:41.333-08:00",
            "custom_request_headers": [],
            "custom_response_headers": [],
            "description": "",
            "edge_security_policy": "",
            "enable_cdn": false,
            "fingerprint": "Ij2g9CsKPYg=",
            "generated_id": 4549800207168965166,
            "health_checks": [],
            "iap": [],
            "id": "projects/structhub-412620/global/backendServices/xtract-be-stage-backend",
            "load_balancing_scheme": "EXTERNAL_MANAGED",
            "locality_lb_policies": [],
            "locality_lb_policy": "RANDOM",
            "log_config": [],
            "name": "xtract-be-stage-backend",
            "outlier_detection": [],
            "port_name": "http",
            "project": "structhub-412620",
            "protocol": "HTTP",
            "security_policy": "",
            "security_settings": [],
            "self_link": "https://www.googleapis.com/compute/v1/projects/structhub-412620/global/backendServices/xtract-be-stage-backend",
            "session_affinity": "NONE",
            "timeout_sec": 30,
            "timeouts": null
          },
          "sensitive_attributes": [],
          "private": "eyJlMmJmYjczMC1lY2FhLTExZTYtOGY4OC0zNDM2M2JjN2M0YzAiOnsiY3JlYXRlIjoxMjAwMDAwMDAwMDAwLCJkZWxldGUiOjEyMDAwMDAwMDAwMDAsInVwZGF0ZSI6MTIwMDAwMDAwMDAwMH0sInNjaGVtYV92ZXJzaW9uIjoiMSJ9",
          "dependencies": [
            "google_cloud_run_v2_service.be_cloud_run",
            "google_compute_region_network_endpoint_group.be_backend",
            "google_project_service.compute_api",
            "google_project_service.run_api"
          ]
        }
      ]
    },
    {
      "mode": "managed",
      "type": "google_compute_backend_service",
      "name": "fe_backend",
      "provider": "provider[\"registry.terraform.io/hashicorp/google\"]",
      "instances": [
        {
          "schema_version": 1,
          "attributes": {
            "affinity_cookie_ttl_sec": 0,
            "backend": [
              {
                "balancing_mode": "UTILIZATION",
                "capacity_scaler": 1,
                "description": "",
                "group": "https://www.googleapis.com/compute/v1/projects/structhub-412620/regions/northamerica-northeast1/networkEndpointGroups/xtract-fe-stage-neg",
                "max_connections": 0,
                "max_connections_per_endpoint": 0,
                "max_connections_per_instance": 0,
                "max_rate": 0,
                "max_rate_per_endpoint": 0,
                "max_rate_per_instance": 0,
                "max_utilization": 0
              }
            ],
            "cdn_policy": [],
            "circuit_breakers": [],
            "compression_mode": "",
            "connection_draining_timeout_sec": 310,
            "consistent_hash": [],
            "creation_timestamp": "2024-03-02T14:12:41.184-08:00",
            "custom_request_headers": [],
            "custom_response_headers": [],
            "description": "",
            "edge_security_policy": "",
            "enable_cdn": false,
            "fingerprint": "4pcD-ei4acI=",
            "generated_id": 5152296441335388854,
            "health_checks": [],
            "iap": [],
            "id": "projects/structhub-412620/global/backendServices/xtract-fe-stage-backend",
            "load_balancing_scheme": "EXTERNAL_MANAGED",
            "locality_lb_policies": [],
            "locality_lb_policy": "RANDOM",
            "log_config": [],
            "name": "xtract-fe-stage-backend",
            "outlier_detection": [],
            "port_name": "http",
            "project": "structhub-412620",
            "protocol": "HTTP",
            "security_policy": "",
            "security_settings": [],
            "self_link": "https://www.googleapis.com/compute/v1/projects/structhub-412620/global/backendServices/xtract-fe-stage-backend",
            "session_affinity": "NONE",
            "timeout_sec": 30,
            "timeouts": null
          },
          "sensitive_attributes": [],
          "private": "eyJlMmJmYjczMC1lY2FhLTExZTYtOGY4OC0zNDM2M2JjN2M0YzAiOnsiY3JlYXRlIjoxMjAwMDAwMDAwMDAwLCJkZWxldGUiOjEyMDAwMDAwMDAwMDAsInVwZGF0ZSI6MTIwMDAwMDAwMDAwMH0sInNjaGVtYV92ZXJzaW9uIjoiMSJ9",
          "dependencies": [
            "google_cloud_run_v2_service.fe_cloud_run",
            "google_compute_region_network_endpoint_group.fe_backend",
            "google_project_service.compute_api",
            "google_project_service.run_api"
          ]
        }
      ]
    },
    {
      "mode": "managed",
      "type": "google_compute_global_address",
      "name": "external_ip_be",
      "provider": "provider[\"registry.terraform.io/hashicorp/google\"]",
      "instances": [
        {
          "schema_version": 0,
          "attributes": {
            "address": "34.36.219.82",
            "address_type": "EXTERNAL",
            "creation_timestamp": "2024-03-02T14:33:31.878-08:00",
            "description": "",
            "id": "projects/structhub-412620/global/addresses/xtract-be-ip-name",
            "ip_version": "",
            "name": "xtract-be-ip-name",
            "network": "",
            "prefix_length": 0,
            "project": "structhub-412620",
            "purpose": "",
            "self_link": "https://www.googleapis.com/compute/v1/projects/structhub-412620/global/addresses/xtract-be-ip-name",
            "timeouts": null
          },
          "sensitive_attributes": [],
          "private": "eyJlMmJmYjczMC1lY2FhLTExZTYtOGY4OC0zNDM2M2JjN2M0YzAiOnsiY3JlYXRlIjoxMjAwMDAwMDAwMDAwLCJkZWxldGUiOjEyMDAwMDAwMDAwMDB9fQ=="
        }
      ]
    },
    {
      "mode": "managed",
      "type": "google_compute_global_address",
      "name": "external_ip_fe",
      "provider": "provider[\"registry.terraform.io/hashicorp/google\"]",
      "instances": [
        {
          "schema_version": 0,
          "attributes": {
            "address": "34.49.79.210",
            "address_type": "EXTERNAL",
            "creation_timestamp": "2024-03-02T14:33:31.880-08:00",
            "description": "",
            "id": "projects/structhub-412620/global/addresses/xtract-fe-ip-name",
            "ip_version": "",
            "name": "xtract-fe-ip-name",
            "network": "",
            "prefix_length": 0,
            "project": "structhub-412620",
            "purpose": "",
            "self_link": "https://www.googleapis.com/compute/v1/projects/structhub-412620/global/addresses/xtract-fe-ip-name",
            "timeouts": null
          },
          "sensitive_attributes": [],
          "private": "eyJlMmJmYjczMC1lY2FhLTExZTYtOGY4OC0zNDM2M2JjN2M0YzAiOnsiY3JlYXRlIjoxMjAwMDAwMDAwMDAwLCJkZWxldGUiOjEyMDAwMDAwMDAwMDB9fQ=="
        }
      ]
    },
    {
      "mode": "managed",
      "type": "google_compute_global_forwarding_rule",
      "name": "be_forwarding_rule",
      "provider": "provider[\"registry.terraform.io/hashicorp/google\"]",
      "instances": [
        {
          "schema_version": 0,
          "attributes": {
            "base_forwarding_rule": "",
            "description": "",
            "effective_labels": {},
            "id": "projects/structhub-412620/global/forwardingRules/xtract-be-stage-https",
            "ip_address": "34.36.219.82",
            "ip_protocol": "TCP",
            "ip_version": "",
            "label_fingerprint": "42WmSpB8rSM=",
            "labels": {},
            "load_balancing_scheme": "EXTERNAL_MANAGED",
            "metadata_filters": [],
            "name": "xtract-be-stage-https",
            "network": "",
            "no_automate_dns_zone": null,
            "port_range": "443-443",
            "project": "structhub-412620",
            "psc_connection_id": "",
            "psc_connection_status": "",
            "self_link": "https://www.googleapis.com/compute/v1/projects/structhub-412620/global/forwardingRules/xtract-be-stage-https",
            "service_directory_registrations": [],
            "source_ip_ranges": [],
            "subnetwork": "",
            "target": "https://www.googleapis.com/compute/v1/projects/structhub-412620/global/targetHttpsProxies/external-xtract-be-stage-https",
            "terraform_labels": {},
            "timeouts": null
          },
          "sensitive_attributes": [],
          "private": "eyJlMmJmYjczMC1lY2FhLTExZTYtOGY4OC0zNDM2M2JjN2M0YzAiOnsiY3JlYXRlIjoxMjAwMDAwMDAwMDAwLCJkZWxldGUiOjEyMDAwMDAwMDAwMDAsInVwZGF0ZSI6MTIwMDAwMDAwMDAwMH19",
          "dependencies": [
            "google_cloud_run_v2_service.be_cloud_run",
            "google_compute_backend_service.be_backend",
            "google_compute_global_address.external_ip_be",
            "google_compute_managed_ssl_certificate.be_ssl_cert",
            "google_compute_region_network_endpoint_group.be_backend",
            "google_compute_target_https_proxy.be_https_proxy",
            "google_compute_url_map.be_url_map",
            "google_project_service.compute_api",
            "google_project_service.run_api"
          ]
        }
      ]
    },
    {
      "mode": "managed",
      "type": "google_compute_global_forwarding_rule",
      "name": "fe_forwarding_rule",
      "provider": "provider[\"registry.terraform.io/hashicorp/google\"]",
      "instances": [
        {
          "schema_version": 0,
          "attributes": {
            "base_forwarding_rule": "",
            "description": "",
            "effective_labels": {},
            "id": "projects/structhub-412620/global/forwardingRules/xtract-fe-stage-https",
            "ip_address": "34.49.79.210",
            "ip_protocol": "TCP",
            "ip_version": "",
            "label_fingerprint": "42WmSpB8rSM=",
            "labels": {},
            "load_balancing_scheme": "EXTERNAL_MANAGED",
            "metadata_filters": [],
            "name": "xtract-fe-stage-https",
            "network": "",
            "no_automate_dns_zone": null,
            "port_range": "443-443",
            "project": "structhub-412620",
            "psc_connection_id": "",
            "psc_connection_status": "",
            "self_link": "https://www.googleapis.com/compute/v1/projects/structhub-412620/global/forwardingRules/xtract-fe-stage-https",
            "service_directory_registrations": [],
            "source_ip_ranges": [],
            "subnetwork": "",
            "target": "https://www.googleapis.com/compute/v1/projects/structhub-412620/global/targetHttpsProxies/external-xtract-fe-stage-https",
            "terraform_labels": {},
            "timeouts": null
          },
          "sensitive_attributes": [],
          "private": "eyJlMmJmYjczMC1lY2FhLTExZTYtOGY4OC0zNDM2M2JjN2M0YzAiOnsiY3JlYXRlIjoxMjAwMDAwMDAwMDAwLCJkZWxldGUiOjEyMDAwMDAwMDAwMDAsInVwZGF0ZSI6MTIwMDAwMDAwMDAwMH19",
          "dependencies": [
            "google_cloud_run_v2_service.fe_cloud_run",
            "google_compute_backend_service.fe_backend",
            "google_compute_global_address.external_ip_fe",
            "google_compute_managed_ssl_certificate.fe_ssl_cert",
            "google_compute_region_network_endpoint_group.fe_backend",
            "google_compute_target_https_proxy.fe_https_proxy",
            "google_compute_url_map.fe_url_map",
            "google_project_service.compute_api",
            "google_project_service.run_api"
          ]
        }
      ]
    },
    {
      "mode": "managed",
      "type": "google_compute_managed_ssl_certificate",
      "name": "be_ssl_cert",
      "provider": "provider[\"registry.terraform.io/hashicorp/google\"]",
      "instances": [
        {
          "schema_version": 0,
          "attributes": {
            "certificate_id": 7286938141415316161,
            "creation_timestamp": "2024-03-02T14:11:59.200-08:00",
            "description": "",
            "expire_time": "2024-05-31T16:28:49.000-07:00",
            "id": "projects/structhub-412620/global/sslCertificates/xtract-be-stage-structhub-cert",
            "managed": [
              {
                "domains": [
                  "stage-be.api.structhub.io"
                ]
              }
            ],
            "name": "xtract-be-stage-structhub-cert",
            "project": "structhub-412620",
            "self_link": "https://www.googleapis.com/compute/v1/projects/structhub-412620/global/sslCertificates/xtract-be-stage-structhub-cert",
            "subject_alternative_names": [
              "stage-be.api.structhub.io"
            ],
            "timeouts": null,
            "type": "MANAGED"
          },
          "sensitive_attributes": [],
          "private": "eyJlMmJmYjczMC1lY2FhLTExZTYtOGY4OC0zNDM2M2JjN2M0YzAiOnsiY3JlYXRlIjoxODAwMDAwMDAwMDAwLCJkZWxldGUiOjE4MDAwMDAwMDAwMDB9fQ=="
        }
      ]
    },
    {
      "mode": "managed",
      "type": "google_compute_managed_ssl_certificate",
      "name": "fe_ssl_cert",
      "provider": "provider[\"registry.terraform.io/hashicorp/google\"]",
      "instances": [
        {
          "schema_version": 0,
          "attributes": {
            "certificate_id": 5626924936389860033,
            "creation_timestamp": "2024-03-02T14:11:59.201-08:00",
            "description": "",
            "expire_time": "2024-05-31T16:29:28.000-07:00",
            "id": "projects/structhub-412620/global/sslCertificates/xtract-fe-stage-structhub-cert",
            "managed": [
              {
                "domains": [
                  "stage.api.structhub.io"
                ]
              }
            ],
            "name": "xtract-fe-stage-structhub-cert",
            "project": "structhub-412620",
            "self_link": "https://www.googleapis.com/compute/v1/projects/structhub-412620/global/sslCertificates/xtract-fe-stage-structhub-cert",
            "subject_alternative_names": [
              "stage.api.structhub.io"
            ],
            "timeouts": null,
            "type": "MANAGED"
          },
          "sensitive_attributes": [],
          "private": "eyJlMmJmYjczMC1lY2FhLTExZTYtOGY4OC0zNDM2M2JjN2M0YzAiOnsiY3JlYXRlIjoxODAwMDAwMDAwMDAwLCJkZWxldGUiOjE4MDAwMDAwMDAwMDB9fQ=="
        }
      ]
    },
    {
      "mode": "managed",
      "type": "google_compute_region_network_endpoint_group",
      "name": "be_backend",
      "provider": "provider[\"registry.terraform.io/hashicorp/google\"]",
      "instances": [
        {
          "index_key": 0,
          "schema_version": 0,
          "attributes": {
            "app_engine": [],
            "cloud_function": [],
            "cloud_run": [
              {
                "service": "xtract-be-northamerica-northeast1",
                "tag": "",
                "url_mask": ""
              }
            ],
            "description": "",
            "id": "projects/structhub-412620/regions/northamerica-northeast1/networkEndpointGroups/xtract-be-stage-neg",
            "name": "xtract-be-stage-neg",
            "network": "",
            "network_endpoint_type": "SERVERLESS",
            "project": "structhub-412620",
            "psc_target_service": "",
            "region": "https://www.googleapis.com/compute/v1/projects/structhub-412620/regions/northamerica-northeast1",
            "self_link": "https://www.googleapis.com/compute/v1/projects/structhub-412620/regions/northamerica-northeast1/networkEndpointGroups/xtract-be-stage-neg",
            "subnetwork": "",
            "timeouts": null
          },
          "sensitive_attributes": [],
          "private": "eyJlMmJmYjczMC1lY2FhLTExZTYtOGY4OC0zNDM2M2JjN2M0YzAiOnsiY3JlYXRlIjoxMjAwMDAwMDAwMDAwLCJkZWxldGUiOjEyMDAwMDAwMDAwMDB9fQ==",
          "dependencies": [
            "google_cloud_run_v2_service.be_cloud_run",
            "google_project_service.run_api"
          ]
        }
      ]
    },
    {
      "mode": "managed",
      "type": "google_compute_region_network_endpoint_group",
      "name": "fe_backend",
      "provider": "provider[\"registry.terraform.io/hashicorp/google\"]",
      "instances": [
        {
          "index_key": 0,
          "schema_version": 0,
          "attributes": {
            "app_engine": [],
            "cloud_function": [],
            "cloud_run": [
              {
                "service": "xtract-fe-northamerica-northeast1",
                "tag": "",
                "url_mask": ""
              }
            ],
            "description": "",
            "id": "projects/structhub-412620/regions/northamerica-northeast1/networkEndpointGroups/xtract-fe-stage-neg",
            "name": "xtract-fe-stage-neg",
            "network": "",
            "network_endpoint_type": "SERVERLESS",
            "project": "structhub-412620",
            "psc_target_service": "",
            "region": "https://www.googleapis.com/compute/v1/projects/structhub-412620/regions/northamerica-northeast1",
            "self_link": "https://www.googleapis.com/compute/v1/projects/structhub-412620/regions/northamerica-northeast1/networkEndpointGroups/xtract-fe-stage-neg",
            "subnetwork": "",
            "timeouts": null
          },
          "sensitive_attributes": [],
          "private": "eyJlMmJmYjczMC1lY2FhLTExZTYtOGY4OC0zNDM2M2JjN2M0YzAiOnsiY3JlYXRlIjoxMjAwMDAwMDAwMDAwLCJkZWxldGUiOjEyMDAwMDAwMDAwMDB9fQ==",
          "dependencies": [
            "google_cloud_run_v2_service.fe_cloud_run",
            "google_project_service.run_api"
          ]
        }
      ]
    },
    {
      "mode": "managed",
      "type": "google_compute_target_https_proxy",
      "name": "be_https_proxy",
      "provider": "provider[\"registry.terraform.io/hashicorp/google\"]",
      "instances": [
        {
          "schema_version": 0,
          "attributes": {
            "certificate_manager_certificates": [],
            "certificate_map": "",
            "creation_timestamp": "2024-03-02T15:23:25.388-08:00",
            "description": "",
            "http_keep_alive_timeout_sec": 610,
            "id": "projects/structhub-412620/global/targetHttpsProxies/external-xtract-be-stage-https",
            "name": "external-xtract-be-stage-https",
            "project": "structhub-412620",
            "proxy_bind": false,
            "proxy_id": 276898288472295938,
            "quic_override": "NONE",
            "self_link": "https://www.googleapis.com/compute/v1/projects/structhub-412620/global/targetHttpsProxies/external-xtract-be-stage-https",
            "server_tls_policy": "",
            "ssl_certificates": [
              "https://www.googleapis.com/compute/v1/projects/structhub-412620/global/sslCertificates/xtract-be-stage-structhub-cert"
            ],
            "ssl_policy": "",
            "timeouts": null,
            "url_map": "https://www.googleapis.com/compute/v1/projects/structhub-412620/global/urlMaps/external-xtract-be-stage"
          },
          "sensitive_attributes": [],
          "private": "eyJlMmJmYjczMC1lY2FhLTExZTYtOGY4OC0zNDM2M2JjN2M0YzAiOnsiY3JlYXRlIjoxMjAwMDAwMDAwMDAwLCJkZWxldGUiOjEyMDAwMDAwMDAwMDAsInVwZGF0ZSI6MTIwMDAwMDAwMDAwMH19",
          "dependencies": [
            "google_cloud_run_v2_service.be_cloud_run",
            "google_compute_backend_service.be_backend",
            "google_compute_managed_ssl_certificate.be_ssl_cert",
            "google_compute_region_network_endpoint_group.be_backend",
            "google_compute_url_map.be_url_map",
            "google_project_service.compute_api",
            "google_project_service.run_api"
          ]
        }
      ]
    },
    {
      "mode": "managed",
      "type": "google_compute_target_https_proxy",
      "name": "fe_https_proxy",
      "provider": "provider[\"registry.terraform.io/hashicorp/google\"]",
      "instances": [
        {
          "schema_version": 0,
          "attributes": {
            "certificate_manager_certificates": [],
            "certificate_map": "",
            "creation_timestamp": "2024-03-02T14:13:25.490-08:00",
            "description": "",
            "http_keep_alive_timeout_sec": 610,
            "id": "projects/structhub-412620/global/targetHttpsProxies/external-xtract-fe-stage-https",
            "name": "external-xtract-fe-stage-https",
            "project": "structhub-412620",
            "proxy_bind": false,
            "proxy_id": 8964602403601914474,
            "quic_override": "NONE",
            "self_link": "https://www.googleapis.com/compute/v1/projects/structhub-412620/global/targetHttpsProxies/external-xtract-fe-stage-https",
            "server_tls_policy": "",
            "ssl_certificates": [
              "https://www.googleapis.com/compute/v1/projects/structhub-412620/global/sslCertificates/xtract-fe-stage-structhub-cert"
            ],
            "ssl_policy": "",
            "timeouts": null,
            "url_map": "https://www.googleapis.com/compute/v1/projects/structhub-412620/global/urlMaps/external-xtract-fe-stage"
          },
          "sensitive_attributes": [],
          "private": "eyJlMmJmYjczMC1lY2FhLTExZTYtOGY4OC0zNDM2M2JjN2M0YzAiOnsiY3JlYXRlIjoxMjAwMDAwMDAwMDAwLCJkZWxldGUiOjEyMDAwMDAwMDAwMDAsInVwZGF0ZSI6MTIwMDAwMDAwMDAwMH19",
          "dependencies": [
            "google_cloud_run_v2_service.fe_cloud_run",
            "google_compute_backend_service.fe_backend",
            "google_compute_managed_ssl_certificate.fe_ssl_cert",
            "google_compute_region_network_endpoint_group.fe_backend",
            "google_compute_url_map.fe_url_map",
            "google_project_service.compute_api",
            "google_project_service.run_api"
          ]
        }
      ]
    },
    {
      "mode": "managed",
      "type": "google_compute_url_map",
      "name": "be_url_map",
      "provider": "provider[\"registry.terraform.io/hashicorp/google\"]",
      "instances": [
        {
          "schema_version": 0,
          "attributes": {
            "creation_timestamp": "2024-03-02T15:23:14.023-08:00",
            "default_route_action": [],
            "default_service": "https://www.googleapis.com/compute/v1/projects/structhub-412620/global/backendServices/xtract-be-stage-backend",
            "default_url_redirect": [],
            "description": "",
            "fingerprint": "XzTG11eBfzE=",
            "header_action": [],
            "host_rule": [],
            "id": "projects/structhub-412620/global/urlMaps/external-xtract-be-stage",
            "map_id": 4283740177321298446,
            "name": "external-xtract-be-stage",
            "path_matcher": [],
            "project": "structhub-412620",
            "self_link": "https://www.googleapis.com/compute/v1/projects/structhub-412620/global/urlMaps/external-xtract-be-stage",
            "test": [],
            "timeouts": null
          },
          "sensitive_attributes": [],
          "private": "eyJlMmJmYjczMC1lY2FhLTExZTYtOGY4OC0zNDM2M2JjN2M0YzAiOnsiY3JlYXRlIjoxMjAwMDAwMDAwMDAwLCJkZWxldGUiOjEyMDAwMDAwMDAwMDAsInVwZGF0ZSI6MTIwMDAwMDAwMDAwMH19",
          "dependencies": [
            "google_cloud_run_v2_service.be_cloud_run",
            "google_compute_backend_service.be_backend",
            "google_compute_region_network_endpoint_group.be_backend",
            "google_project_service.compute_api",
            "google_project_service.run_api"
          ]
        }
      ]
    },
    {
      "mode": "managed",
      "type": "google_compute_url_map",
      "name": "fe_url_map",
      "provider": "provider[\"registry.terraform.io/hashicorp/google\"]",
      "instances": [
        {
          "schema_version": 0,
          "attributes": {
            "creation_timestamp": "2024-03-02T14:13:14.071-08:00",
            "default_route_action": [],
            "default_service": "https://www.googleapis.com/compute/v1/projects/structhub-412620/global/backendServices/xtract-fe-stage-backend",
            "default_url_redirect": [],
            "description": "",
            "fingerprint": "dVELzxlyBGo=",
            "header_action": [],
            "host_rule": [],
            "id": "projects/structhub-412620/global/urlMaps/external-xtract-fe-stage",
            "map_id": 7735019508037720726,
            "name": "external-xtract-fe-stage",
            "path_matcher": [],
            "project": "structhub-412620",
            "self_link": "https://www.googleapis.com/compute/v1/projects/structhub-412620/global/urlMaps/external-xtract-fe-stage",
            "test": [],
            "timeouts": null
          },
          "sensitive_attributes": [],
          "private": "eyJlMmJmYjczMC1lY2FhLTExZTYtOGY4OC0zNDM2M2JjN2M0YzAiOnsiY3JlYXRlIjoxMjAwMDAwMDAwMDAwLCJkZWxldGUiOjEyMDAwMDAwMDAwMDAsInVwZGF0ZSI6MTIwMDAwMDAwMDAwMH19",
          "dependencies": [
            "google_cloud_run_v2_service.fe_cloud_run",
            "google_compute_backend_service.fe_backend",
            "google_compute_region_network_endpoint_group.fe_backend",
            "google_project_service.compute_api",
            "google_project_service.run_api"
          ]
        }
      ]
    },
    {
      "mode": "managed",
      "type": "google_project_service",
      "name": "compute_api",
      "provider": "provider[\"registry.terraform.io/hashicorp/google\"]",
      "instances": [
        {
          "schema_version": 0,
          "attributes": {
            "disable_dependent_services": false,
            "disable_on_destroy": false,
            "id": "structhub-412620/compute.googleapis.com",
            "project": "structhub-412620",
            "service": "compute.googleapis.com",
            "timeouts": null
          },
          "sensitive_attributes": [],
          "private": "eyJlMmJmYjczMC1lY2FhLTExZTYtOGY4OC0zNDM2M2JjN2M0YzAiOnsiY3JlYXRlIjoxMjAwMDAwMDAwMDAwLCJkZWxldGUiOjEyMDAwMDAwMDAwMDAsInJlYWQiOjYwMDAwMDAwMDAwMCwidXBkYXRlIjoxMjAwMDAwMDAwMDAwfX0="
        }
      ]
    },
    {
      "mode": "managed",
      "type": "google_project_service",
      "name": "run_api",
      "provider": "provider[\"registry.terraform.io/hashicorp/google\"]",
      "instances": [
        {
          "schema_version": 0,
          "attributes": {
            "disable_dependent_services": false,
            "disable_on_destroy": false,
            "id": "structhub-412620/run.googleapis.com",
            "project": "structhub-412620",
            "service": "run.googleapis.com",
            "timeouts": null
          },
          "sensitive_attributes": [],
          "private": "eyJlMmJmYjczMC1lY2FhLTExZTYtOGY4OC0zNDM2M2JjN2M0YzAiOnsiY3JlYXRlIjoxMjAwMDAwMDAwMDAwLCJkZWxldGUiOjEyMDAwMDAwMDAwMDAsInJlYWQiOjYwMDAwMDAwMDAwMCwidXBkYXRlIjoxMjAwMDAwMDAwMDAwfX0="
        }
      ]
    }
  ],
  "check_results": null
}
